
Microsoft Visual Studio Solution File, Format Version 12.00
# Visual Studio 15
VisualStudioVersion = 15.0.28307.421
MinimumVisualStudioVersion = 10.0.40219.1
Project("{FAE04EC0-301F-11D3-BF4B-00C04F79EFBC}") = "SEScripts", "SEScripts\SEScripts.csproj", "{D0652860-0401-4323-84BB-C13A79A82C7E}"
EndProject
Project("{FAE04EC0-301F-11D3-BF4B-00C04F79EFBC}") = "ItemInfoFinder", "ItemInfoFinder\ItemInfoFinder.csproj", "{81BF550E-456D-4B95-90E7-E73FA5CF7370}"
EndProject
Project("{FAE04EC0-301F-11D3-BF4B-00C04F79EFBC}") = "SEScriptsDotnet", "SEScriptsDotnet\SEScriptsDotnet.csproj", "{C649D77E-FEE0-42FD-BDD5-8149777526DC}"
EndProject
Global
	GlobalSection(SolutionConfigurationPlatforms) = preSolution
		Debug|Any CPU = Debug|Any CPU
		Release|Any CPU = Release|Any CPU
	EndGlobalSection
	GlobalSection(ProjectConfigurationPlatforms) = postSolution
		{D0652860-0401-4323-84BB-C13A79A82C7E}.Debug|Any CPU.ActiveCfg = Debug|Any CPU
		{D0652860-0401-4323-84BB-C13A79A82C7E}.Debug|Any CPU.Build.0 = Debug|Any CPU
		{D0652860-0401-4323-84BB-C13A79A82C7E}.Release|Any CPU.ActiveCfg = Release|Any CPU
		{D0652860-0401-4323-84BB-C13A79A82C7E}.Release|Any CPU.Build.0 = Release|Any CPU
		{81BF550E-456D-4B95-90E7-E73FA5CF7370}.Debug|Any CPU.ActiveCfg = Debug|Any CPU
		{81BF550E-456D-4B95-90E7-E73FA5CF7370}.Debug|Any CPU.Build.0 = Debug|Any CPU
		{81BF550E-456D-4B95-90E7-E73FA5CF7370}.Release|Any CPU.ActiveCfg = Release|Any CPU
		{81BF550E-456D-4B95-90E7-E73FA5CF7370}.Release|Any CPU.Build.0 = Release|Any CPU
		{C649D77E-FEE0-42FD-BDD5-8149777526DC}.Debug|Any CPU.ActiveCfg = Debug|Any CPU
		{C649D77E-FEE0-42FD-BDD5-8149777526DC}.Debug|Any CPU.Build.0 = Debug|Any CPU
		{C649D77E-FEE0-42FD-BDD5-8149777526DC}.Release|Any CPU.ActiveCfg = Release|Any CPU
		{C649D77E-FEE0-42FD-BDD5-8149777526DC}.Release|Any CPU.Build.0 = Release|Any CPU
	EndGlobalSection
	GlobalSection(SolutionProperties) = preSolution
		HideSolutionNode = FALSE
	EndGlobalSection
	GlobalSection(ExtensibilityGlobals) = postSolution
		SolutionGuid = {8844D4A5-ACB0-428D-AB97-BEE85126DE6C}
	EndGlobalSection
EndGlobal
