
Microsoft Visual Studio Solution File, Format Version 12.00
# Visual Studio Version 17
VisualStudioVersion = 17.7.34031.279
MinimumVisualStudioVersion = 10.0.40219.1
Project("{9A19103F-16F7-4668-BE54-9A1E7A4F7556}") = "ItemInfoFinder", "ItemInfoFinder\ItemInfoFinder.csproj", "{0FC69C4A-9342-4087-A94B-BC80DDD245DA}"
EndProject
Project("{9A19103F-16F7-4668-BE54-9A1E7A4F7556}") = "SEScriptsDotnet", "SEScriptsDotnet\SEScriptsDotnet.csproj", "{09CB7AE5-12A4-4C65-AB89-D617E9E5AE84}"
EndProject
Project("{9A19103F-16F7-4668-BE54-9A1E7A4F7556}") = "Tests", "Tests\Tests.csproj", "{E48F912B-46A9-4719-98E8-DAF9927EDABC}"
EndProject
Project("{2150E333-8FDC-42A3-9474-1A3956D46DE8}") = "Solution Items", "Solution Items", "{7102CEF8-F2AC-49B3-ADAE-488177FEAC5D}"
	ProjectSection(SolutionItems) = preProject
		Directory.Build.props = Directory.Build.props
	EndProjectSection
EndProject
Global
	GlobalSection(SolutionConfigurationPlatforms) = preSolution
		Debug|x64 = Debug|x64
		Release|x64 = Release|x64
	EndGlobalSection
	GlobalSection(ProjectConfigurationPlatforms) = postSolution
		{0FC69C4A-9342-4087-A94B-BC80DDD245DA}.Debug|x64.ActiveCfg = Debug|x64
		{0FC69C4A-9342-4087-A94B-BC80DDD245DA}.Debug|x64.Build.0 = Debug|x64
		{0FC69C4A-9342-4087-A94B-BC80DDD245DA}.Release|x64.ActiveCfg = Release|x64
		{0FC69C4A-9342-4087-A94B-BC80DDD245DA}.Release|x64.Build.0 = Release|x64
		{09CB7AE5-12A4-4C65-AB89-D617E9E5AE84}.Debug|x64.ActiveCfg = Debug|x64
		{09CB7AE5-12A4-4C65-AB89-D617E9E5AE84}.Debug|x64.Build.0 = Debug|x64
		{09CB7AE5-12A4-4C65-AB89-D617E9E5AE84}.Release|x64.ActiveCfg = Release|x64
		{09CB7AE5-12A4-4C65-AB89-D617E9E5AE84}.Release|x64.Build.0 = Release|x64
		{E48F912B-46A9-4719-98E8-DAF9927EDABC}.Debug|x64.ActiveCfg = Debug|x64
		{E48F912B-46A9-4719-98E8-DAF9927EDABC}.Debug|x64.Build.0 = Debug|x64
		{E48F912B-46A9-4719-98E8-DAF9927EDABC}.Release|x64.ActiveCfg = Release|x64
		{E48F912B-46A9-4719-98E8-DAF9927EDABC}.Release|x64.Build.0 = Release|x64
	EndGlobalSection
	GlobalSection(SolutionProperties) = preSolution
		HideSolutionNode = FALSE
	EndGlobalSection
	GlobalSection(ExtensibilityGlobals) = postSolution
		SolutionGuid = {48A40B7E-6AF7-4BF2-B2C1-AD405C539E33}
	EndGlobalSection
EndGlobal
